// !$*UTF8*$!
{
	archiveVersion = 1;
	classes = {
	};
	objectVersion = 56;
	objects = {

/* Begin PBXBuildFile section */
		C16E18072973F9C200BD519D /* CharactersListStyleView.swift in Sources */ = {isa = PBXBuildFile; fileRef = C16E18042973F9C200BD519D /* CharactersListStyleView.swift */; };
		C1BAF7652966F92400DCEE5A /* SwiftUIApp.swift in Sources */ = {isa = PBXBuildFile; fileRef = C1BAF7642966F92400DCEE5A /* SwiftUIApp.swift */; };
		C1BAF7672966F92600DCEE5A /* Assets.xcassets in Resources */ = {isa = PBXBuildFile; fileRef = C1BAF7662966F92600DCEE5A /* Assets.xcassets */; };
		C1BAF76A2966F92600DCEE5A /* Preview Assets.xcassets in Resources */ = {isa = PBXBuildFile; fileRef = C1BAF7692966F92600DCEE5A /* Preview Assets.xcassets */; };
		C1BAF76C2966F92600DCEE5A /* Persistence.swift in Sources */ = {isa = PBXBuildFile; fileRef = C1BAF76B2966F92600DCEE5A /* Persistence.swift */; };
		C1BAF76F2966F92600DCEE5A /* ios_swiftui.xcdatamodeld in Sources */ = {isa = PBXBuildFile; fileRef = C1BAF76D2966F92600DCEE5A /* ios_swiftui.xcdatamodeld */; };
		C1BF02962969CDB4008FE367 /* RickAndMortyRepository.swift in Sources */ = {isa = PBXBuildFile; fileRef = C1BF02952969CDB4008FE367 /* RickAndMortyRepository.swift */; };
		C1BF029B2969CE2E008FE367 /* RickAndMortyUseCase.swift in Sources */ = {isa = PBXBuildFile; fileRef = C1BF029A2969CE2E008FE367 /* RickAndMortyUseCase.swift */; };
		C1BF029D2969CFF6008FE367 /* RickAndMorty.swift in Sources */ = {isa = PBXBuildFile; fileRef = C1BF029C2969CFF6008FE367 /* RickAndMorty.swift */; };
		C1BF02A0296A1570008FE367 /* NetworkError.swift in Sources */ = {isa = PBXBuildFile; fileRef = C1BF029F296A1570008FE367 /* NetworkError.swift */; };
		C1BF02AB296A2292008FE367 /* Menu.swift in Sources */ = {isa = PBXBuildFile; fileRef = C1BF02AA296A2292008FE367 /* Menu.swift */; };
		C1BF02AD296A22EC008FE367 /* ComponentsListView.swift in Sources */ = {isa = PBXBuildFile; fileRef = C1BF02AC296A22EC008FE367 /* ComponentsListView.swift */; };
		C1BF02AF296A230B008FE367 /* ComponentsViewModel.swift in Sources */ = {isa = PBXBuildFile; fileRef = C1BF02AE296A230B008FE367 /* ComponentsViewModel.swift */; };
		C1BF02B1296A231C008FE367 /* ComponentRowView.swift in Sources */ = {isa = PBXBuildFile; fileRef = C1BF02B0296A231C008FE367 /* ComponentRowView.swift */; };
		C1FE8AE929696DA7004DB2D2 /* Tabbar.swift in Sources */ = {isa = PBXBuildFile; fileRef = C1FE8AE829696DA7004DB2D2 /* Tabbar.swift */; };
		C1FE8AED29696E4F004DB2D2 /* CharactersListView.swift in Sources */ = {isa = PBXBuildFile; fileRef = C1FE8AEC29696E4F004DB2D2 /* CharactersListView.swift */; };
		C1FE8AEF29696E98004DB2D2 /* CharactersViewModel.swift in Sources */ = {isa = PBXBuildFile; fileRef = C1FE8AEE29696E98004DB2D2 /* CharactersViewModel.swift */; };
		C1FE8AF129696F01004DB2D2 /* CharactersRowView.swift in Sources */ = {isa = PBXBuildFile; fileRef = C1FE8AF029696F01004DB2D2 /* CharactersRowView.swift */; };
		C1FE8AF529696F99004DB2D2 /* RickAndMortyDTO.swift in Sources */ = {isa = PBXBuildFile; fileRef = C1FE8AF429696F99004DB2D2 /* RickAndMortyDTO.swift */; };
/* End PBXBuildFile section */

/* Begin PBXFileReference section */
		C16E18042973F9C200BD519D /* CharactersListStyleView.swift */ = {isa = PBXFileReference; fileEncoding = 4; lastKnownFileType = sourcecode.swift; path = CharactersListStyleView.swift; sourceTree = "<group>"; };
		C1BAF75F2966F92400DCEE5A /* ios-swiftui.app */ = {isa = PBXFileReference; explicitFileType = wrapper.application; includeInIndex = 0; path = "ios-swiftui.app"; sourceTree = BUILT_PRODUCTS_DIR; };
		C1BAF7642966F92400DCEE5A /* SwiftUIApp.swift */ = {isa = PBXFileReference; lastKnownFileType = sourcecode.swift; path = SwiftUIApp.swift; sourceTree = "<group>"; };
		C1BAF7662966F92600DCEE5A /* Assets.xcassets */ = {isa = PBXFileReference; lastKnownFileType = folder.assetcatalog; path = Assets.xcassets; sourceTree = "<group>"; };
		C1BAF7692966F92600DCEE5A /* Preview Assets.xcassets */ = {isa = PBXFileReference; lastKnownFileType = folder.assetcatalog; path = "Preview Assets.xcassets"; sourceTree = "<group>"; };
		C1BAF76B2966F92600DCEE5A /* Persistence.swift */ = {isa = PBXFileReference; lastKnownFileType = sourcecode.swift; path = Persistence.swift; sourceTree = "<group>"; };
		C1BAF76E2966F92600DCEE5A /* ios_swiftui.xcdatamodel */ = {isa = PBXFileReference; lastKnownFileType = wrapper.xcdatamodel; path = ios_swiftui.xcdatamodel; sourceTree = "<group>"; };
		C1BF02952969CDB4008FE367 /* RickAndMortyRepository.swift */ = {isa = PBXFileReference; lastKnownFileType = sourcecode.swift; path = RickAndMortyRepository.swift; sourceTree = "<group>"; };
		C1BF029A2969CE2E008FE367 /* RickAndMortyUseCase.swift */ = {isa = PBXFileReference; lastKnownFileType = sourcecode.swift; path = RickAndMortyUseCase.swift; sourceTree = "<group>"; };
		C1BF029C2969CFF6008FE367 /* RickAndMorty.swift */ = {isa = PBXFileReference; lastKnownFileType = sourcecode.swift; path = RickAndMorty.swift; sourceTree = "<group>"; };
		C1BF029F296A1570008FE367 /* NetworkError.swift */ = {isa = PBXFileReference; lastKnownFileType = sourcecode.swift; path = NetworkError.swift; sourceTree = "<group>"; };
		C1BF02AA296A2292008FE367 /* Menu.swift */ = {isa = PBXFileReference; lastKnownFileType = sourcecode.swift; path = Menu.swift; sourceTree = "<group>"; };
		C1BF02AC296A22EC008FE367 /* ComponentsListView.swift */ = {isa = PBXFileReference; lastKnownFileType = sourcecode.swift; path = ComponentsListView.swift; sourceTree = "<group>"; };
		C1BF02AE296A230B008FE367 /* ComponentsViewModel.swift */ = {isa = PBXFileReference; lastKnownFileType = sourcecode.swift; path = ComponentsViewModel.swift; sourceTree = "<group>"; };
		C1BF02B0296A231C008FE367 /* ComponentRowView.swift */ = {isa = PBXFileReference; lastKnownFileType = sourcecode.swift; path = ComponentRowView.swift; sourceTree = "<group>"; };
		C1FE8AE829696DA7004DB2D2 /* Tabbar.swift */ = {isa = PBXFileReference; lastKnownFileType = sourcecode.swift; path = Tabbar.swift; sourceTree = "<group>"; };
		C1FE8AEC29696E4F004DB2D2 /* CharactersListView.swift */ = {isa = PBXFileReference; lastKnownFileType = sourcecode.swift; path = CharactersListView.swift; sourceTree = "<group>"; };
		C1FE8AEE29696E98004DB2D2 /* CharactersViewModel.swift */ = {isa = PBXFileReference; lastKnownFileType = sourcecode.swift; path = CharactersViewModel.swift; sourceTree = "<group>"; };
		C1FE8AF029696F01004DB2D2 /* CharactersRowView.swift */ = {isa = PBXFileReference; lastKnownFileType = sourcecode.swift; path = CharactersRowView.swift; sourceTree = "<group>"; };
		C1FE8AF429696F99004DB2D2 /* RickAndMortyDTO.swift */ = {isa = PBXFileReference; lastKnownFileType = sourcecode.swift; path = RickAndMortyDTO.swift; sourceTree = "<group>"; };
/* End PBXFileReference section */

/* Begin PBXFrameworksBuildPhase section */
		C1BAF75C2966F92400DCEE5A /* Frameworks */ = {
			isa = PBXFrameworksBuildPhase;
			buildActionMask = 2147483647;
			files = (
			);
			runOnlyForDeploymentPostprocessing = 0;
		};
/* End PBXFrameworksBuildPhase section */

/* Begin PBXGroup section */
		C16E18022973F99900BD519D /* List */ = {
			isa = PBXGroup;
			children = (
				C1FE8AEC29696E4F004DB2D2 /* CharactersListView.swift */,
				C1FE8AEE29696E98004DB2D2 /* CharactersViewModel.swift */,
				C1FE8AF029696F01004DB2D2 /* CharactersRowView.swift */,
			);
			path = List;
			sourceTree = "<group>";
		};
		C16E18032973F9C200BD519D /* ListStyle */ = {
			isa = PBXGroup;
			children = (
				C16E18042973F9C200BD519D /* CharactersListStyleView.swift */,
			);
			path = ListStyle;
			sourceTree = "<group>";
		};
		C1BAF7562966F92400DCEE5A = {
			isa = PBXGroup;
			children = (
				C1BAF7612966F92400DCEE5A /* ios-swiftui */,
				C1BAF7602966F92400DCEE5A /* Products */,
			);
			sourceTree = "<group>";
		};
		C1BAF7602966F92400DCEE5A /* Products */ = {
			isa = PBXGroup;
			children = (
				C1BAF75F2966F92400DCEE5A /* ios-swiftui.app */,
			);
			name = Products;
			sourceTree = "<group>";
		};
		C1BAF7612966F92400DCEE5A /* ios-swiftui */ = {
			isa = PBXGroup;
			children = (
				C1BF02A3296A1769008FE367 /* Components */,
				C1BAF7642966F92400DCEE5A /* SwiftUIApp.swift */,
				C1FE8AF229696F84004DB2D2 /* Data */,
				C1BF02972969CE02008FE367 /* Domain */,
				C1FE8AE629696D5D004DB2D2 /* UI */,
				C1BF02932969CD24008FE367 /* Resources */,
				C1BAF7682966F92600DCEE5A /* Preview Content */,
			);
			path = "ios-swiftui";
			sourceTree = "<group>";
		};
		C1BAF7682966F92600DCEE5A /* Preview Content */ = {
			isa = PBXGroup;
			children = (
				C1BAF7692966F92600DCEE5A /* Preview Assets.xcassets */,
			);
			path = "Preview Content";
			sourceTree = "<group>";
		};
		C1BF02922969CCC2008FE367 /* Repositories */ = {
			isa = PBXGroup;
			children = (
				C1BF029E296A1563008FE367 /* Error */,
				C1BF02952969CDB4008FE367 /* RickAndMortyRepository.swift */,
			);
			path = Repositories;
			sourceTree = "<group>";
		};
		C1BF02932969CD24008FE367 /* Resources */ = {
			isa = PBXGroup;
			children = (
				C1BAF7662966F92600DCEE5A /* Assets.xcassets */,
			);
			path = Resources;
			sourceTree = "<group>";
		};
		C1BF02942969CD48008FE367 /* CoreData */ = {
			isa = PBXGroup;
			children = (
				C1BAF76B2966F92600DCEE5A /* Persistence.swift */,
				C1BAF76D2966F92600DCEE5A /* ios_swiftui.xcdatamodeld */,
			);
			path = CoreData;
			sourceTree = "<group>";
		};
		C1BF02972969CE02008FE367 /* Domain */ = {
			isa = PBXGroup;
			children = (
				C1BF02A9296A1F20008FE367 /* Entity */,
			);
			path = Domain;
			sourceTree = "<group>";
		};
		C1BF02982969CE0A008FE367 /* UseCases */ = {
			isa = PBXGroup;
			children = (
				C1BF029A2969CE2E008FE367 /* RickAndMortyUseCase.swift */,
			);
			path = UseCases;
			sourceTree = "<group>";
		};
		C1BF02992969CE17008FE367 /* Entity */ = {
			isa = PBXGroup;
			children = (
				C1BF029C2969CFF6008FE367 /* RickAndMorty.swift */,
			);
			path = Entity;
			sourceTree = "<group>";
		};
		C1BF029E296A1563008FE367 /* Error */ = {
			isa = PBXGroup;
			children = (
				C1BF029F296A1570008FE367 /* NetworkError.swift */,
			);
			path = Error;
			sourceTree = "<group>";
		};
		C1BF02A3296A1769008FE367 /* Components */ = {
			isa = PBXGroup;
			children = (
				C1BF02A4296A1773008FE367 /* ListOfRickAndMorty */,
			);
			path = Components;
			sourceTree = "<group>";
		};
		C1BF02A4296A1773008FE367 /* ListOfRickAndMorty */ = {
			isa = PBXGroup;
			children = (
				C1BF02A6296A17C9008FE367 /* Data */,
				C1BF02A7296A17EA008FE367 /* Domain */,
				C1BF02A5296A17A9008FE367 /* UI */,
			);
			path = ListOfRickAndMorty;
			sourceTree = "<group>";
		};
		C1BF02A5296A17A9008FE367 /* UI */ = {
			isa = PBXGroup;
			children = (
				C16E18032973F9C200BD519D /* ListStyle */,
				C16E18022973F99900BD519D /* List */,
			);
			path = UI;
			sourceTree = "<group>";
		};
		C1BF02A6296A17C9008FE367 /* Data */ = {
			isa = PBXGroup;
			children = (
				C1BF02922969CCC2008FE367 /* Repositories */,
				C1FE8AF329696F8D004DB2D2 /* DTO */,
			);
			path = Data;
			sourceTree = "<group>";
		};
		C1BF02A7296A17EA008FE367 /* Domain */ = {
			isa = PBXGroup;
			children = (
				C1BF02992969CE17008FE367 /* Entity */,
				C1BF02982969CE0A008FE367 /* UseCases */,
			);
			path = Domain;
			sourceTree = "<group>";
		};
		C1BF02A8296A1EC8008FE367 /* List */ = {
			isa = PBXGroup;
			children = (
				C1BF02AC296A22EC008FE367 /* ComponentsListView.swift */,
				C1BF02AE296A230B008FE367 /* ComponentsViewModel.swift */,
				C1BF02B0296A231C008FE367 /* ComponentRowView.swift */,
			);
			path = List;
			sourceTree = "<group>";
		};
		C1BF02A9296A1F20008FE367 /* Entity */ = {
			isa = PBXGroup;
			children = (
				C1BF02AA296A2292008FE367 /* Menu.swift */,
			);
			path = Entity;
			sourceTree = "<group>";
		};
		C1FE8AE629696D5D004DB2D2 /* UI */ = {
			isa = PBXGroup;
			children = (
				C1BF02A8296A1EC8008FE367 /* List */,
				C1FE8AE729696D63004DB2D2 /* Tabbar */,
			);
			path = UI;
			sourceTree = "<group>";
		};
		C1FE8AE729696D63004DB2D2 /* Tabbar */ = {
			isa = PBXGroup;
			children = (
				C1FE8AE829696DA7004DB2D2 /* Tabbar.swift */,
			);
			path = Tabbar;
			sourceTree = "<group>";
		};
		C1FE8AF229696F84004DB2D2 /* Data */ = {
			isa = PBXGroup;
			children = (
				C1BF02942969CD48008FE367 /* CoreData */,
			);
			path = Data;
			sourceTree = "<group>";
		};
		C1FE8AF329696F8D004DB2D2 /* DTO */ = {
			isa = PBXGroup;
			children = (
				C1FE8AF429696F99004DB2D2 /* RickAndMortyDTO.swift */,
			);
			path = DTO;
			sourceTree = "<group>";
		};
/* End PBXGroup section */

/* Begin PBXNativeTarget section */
		C1BAF75E2966F92400DCEE5A /* ios-swiftui */ = {
			isa = PBXNativeTarget;
			buildConfigurationList = C1BAF7722966F92600DCEE5A /* Build configuration list for PBXNativeTarget "ios-swiftui" */;
			buildPhases = (
				C1BAF75B2966F92400DCEE5A /* Sources */,
				C1BAF75C2966F92400DCEE5A /* Frameworks */,
				C1BAF75D2966F92400DCEE5A /* Resources */,
			);
			buildRules = (
			);
			dependencies = (
			);
			name = "ios-swiftui";
			productName = "ios-swiftui";
			productReference = C1BAF75F2966F92400DCEE5A /* ios-swiftui.app */;
			productType = "com.apple.product-type.application";
		};
/* End PBXNativeTarget section */

/* Begin PBXProject section */
		C1BAF7572966F92400DCEE5A /* Project object */ = {
			isa = PBXProject;
			attributes = {
				BuildIndependentTargetsInParallel = 1;
				LastSwiftUpdateCheck = 1420;
				LastUpgradeCheck = 1420;
				TargetAttributes = {
					C1BAF75E2966F92400DCEE5A = {
						CreatedOnToolsVersion = 14.2;
					};
				};
			};
			buildConfigurationList = C1BAF75A2966F92400DCEE5A /* Build configuration list for PBXProject "ios-swiftui" */;
			compatibilityVersion = "Xcode 14.0";
			developmentRegion = en;
			hasScannedForEncodings = 0;
			knownRegions = (
				en,
				Base,
			);
			mainGroup = C1BAF7562966F92400DCEE5A;
			productRefGroup = C1BAF7602966F92400DCEE5A /* Products */;
			projectDirPath = "";
			projectRoot = "";
			targets = (
				C1BAF75E2966F92400DCEE5A /* ios-swiftui */,
			);
		};
/* End PBXProject section */

/* Begin PBXResourcesBuildPhase section */
		C1BAF75D2966F92400DCEE5A /* Resources */ = {
			isa = PBXResourcesBuildPhase;
			buildActionMask = 2147483647;
			files = (
				C1BAF76A2966F92600DCEE5A /* Preview Assets.xcassets in Resources */,
				C1BAF7672966F92600DCEE5A /* Assets.xcassets in Resources */,
			);
			runOnlyForDeploymentPostprocessing = 0;
		};
/* End PBXResourcesBuildPhase section */

/* Begin PBXSourcesBuildPhase section */
		C1BAF75B2966F92400DCEE5A /* Sources */ = {
			isa = PBXSourcesBuildPhase;
			buildActionMask = 2147483647;
			files = (
				C1BAF76C2966F92600DCEE5A /* Persistence.swift in Sources */,
				C1BF02962969CDB4008FE367 /* RickAndMortyRepository.swift in Sources */,
				C1BF029D2969CFF6008FE367 /* RickAndMorty.swift in Sources */,
				C1FE8AEF29696E98004DB2D2 /* CharactersViewModel.swift in Sources */,
				C1BF02AF296A230B008FE367 /* ComponentsViewModel.swift in Sources */,
				C1FE8AED29696E4F004DB2D2 /* CharactersListView.swift in Sources */,
				C1FE8AF529696F99004DB2D2 /* RickAndMortyDTO.swift in Sources */,
				C1BF02B1296A231C008FE367 /* ComponentRowView.swift in Sources */,
				C1FE8AE929696DA7004DB2D2 /* Tabbar.swift in Sources */,
				C1BAF76F2966F92600DCEE5A /* ios_swiftui.xcdatamodeld in Sources */,
				C1BF029B2969CE2E008FE367 /* RickAndMortyUseCase.swift in Sources */,
				C1BF02AB296A2292008FE367 /* Menu.swift in Sources */,
				C1BF02AD296A22EC008FE367 /* ComponentsListView.swift in Sources */,
				C1BF02A0296A1570008FE367 /* NetworkError.swift in Sources */,
				C1FE8AF129696F01004DB2D2 /* CharactersRowView.swift in Sources */,
				C16E18072973F9C200BD519D /* CharactersListStyleView.swift in Sources */,
				C1BAF7652966F92400DCEE5A /* SwiftUIApp.swift in Sources */,
			);
			runOnlyForDeploymentPostprocessing = 0;
		};
/* End PBXSourcesBuildPhase section */

/* Begin XCBuildConfiguration section */
		C1BAF7702966F92600DCEE5A /* Debug */ = {
			isa = XCBuildConfiguration;
			buildSettings = {
				ALWAYS_SEARCH_USER_PATHS = NO;
				CLANG_ANALYZER_NONNULL = YES;
				CLANG_ANALYZER_NUMBER_OBJECT_CONVERSION = YES_AGGRESSIVE;
				CLANG_CXX_LANGUAGE_STANDARD = "gnu++20";
				CLANG_ENABLE_MODULES = YES;
				CLANG_ENABLE_OBJC_ARC = YES;
				CLANG_ENABLE_OBJC_WEAK = YES;
				CLANG_WARN_BLOCK_CAPTURE_AUTORELEASING = YES;
				CLANG_WARN_BOOL_CONVERSION = YES;
				CLANG_WARN_COMMA = YES;
				CLANG_WARN_CONSTANT_CONVERSION = YES;
				CLANG_WARN_DEPRECATED_OBJC_IMPLEMENTATIONS = YES;
				CLANG_WARN_DIRECT_OBJC_ISA_USAGE = YES_ERROR;
				CLANG_WARN_DOCUMENTATION_COMMENTS = YES;
				CLANG_WARN_EMPTY_BODY = YES;
				CLANG_WARN_ENUM_CONVERSION = YES;
				CLANG_WARN_INFINITE_RECURSION = YES;
				CLANG_WARN_INT_CONVERSION = YES;
				CLANG_WARN_NON_LITERAL_NULL_CONVERSION = YES;
				CLANG_WARN_OBJC_IMPLICIT_RETAIN_SELF = YES;
				CLANG_WARN_OBJC_LITERAL_CONVERSION = YES;
				CLANG_WARN_OBJC_ROOT_CLASS = YES_ERROR;
				CLANG_WARN_QUOTED_INCLUDE_IN_FRAMEWORK_HEADER = YES;
				CLANG_WARN_RANGE_LOOP_ANALYSIS = YES;
				CLANG_WARN_STRICT_PROTOTYPES = YES;
				CLANG_WARN_SUSPICIOUS_MOVE = YES;
				CLANG_WARN_UNGUARDED_AVAILABILITY = YES_AGGRESSIVE;
				CLANG_WARN_UNREACHABLE_CODE = YES;
				CLANG_WARN__DUPLICATE_METHOD_MATCH = YES;
				COPY_PHASE_STRIP = NO;
				DEBUG_INFORMATION_FORMAT = dwarf;
				ENABLE_STRICT_OBJC_MSGSEND = YES;
				ENABLE_TESTABILITY = YES;
				GCC_C_LANGUAGE_STANDARD = gnu11;
				GCC_DYNAMIC_NO_PIC = NO;
				GCC_NO_COMMON_BLOCKS = YES;
				GCC_OPTIMIZATION_LEVEL = 0;
				GCC_PREPROCESSOR_DEFINITIONS = (
					"DEBUG=1",
					"$(inherited)",
				);
				GCC_WARN_64_TO_32_BIT_CONVERSION = YES;
				GCC_WARN_ABOUT_RETURN_TYPE = YES_ERROR;
				GCC_WARN_UNDECLARED_SELECTOR = YES;
				GCC_WARN_UNINITIALIZED_AUTOS = YES_AGGRESSIVE;
				GCC_WARN_UNUSED_FUNCTION = YES;
				GCC_WARN_UNUSED_VARIABLE = YES;
				IPHONEOS_DEPLOYMENT_TARGET = 16.2;
				MTL_ENABLE_DEBUG_INFO = INCLUDE_SOURCE;
				MTL_FAST_MATH = YES;
				ONLY_ACTIVE_ARCH = YES;
				SDKROOT = iphoneos;
				SWIFT_ACTIVE_COMPILATION_CONDITIONS = DEBUG;
				SWIFT_OPTIMIZATION_LEVEL = "-Onone";
			};
			name = Debug;
		};
		C1BAF7712966F92600DCEE5A /* Release */ = {
			isa = XCBuildConfiguration;
			buildSettings = {
				ALWAYS_SEARCH_USER_PATHS = NO;
				CLANG_ANALYZER_NONNULL = YES;
				CLANG_ANALYZER_NUMBER_OBJECT_CONVERSION = YES_AGGRESSIVE;
				CLANG_CXX_LANGUAGE_STANDARD = "gnu++20";
				CLANG_ENABLE_MODULES = YES;
				CLANG_ENABLE_OBJC_ARC = YES;
				CLANG_ENABLE_OBJC_WEAK = YES;
				CLANG_WARN_BLOCK_CAPTURE_AUTORELEASING = YES;
				CLANG_WARN_BOOL_CONVERSION = YES;
				CLANG_WARN_COMMA = YES;
				CLANG_WARN_CONSTANT_CONVERSION = YES;
				CLANG_WARN_DEPRECATED_OBJC_IMPLEMENTATIONS = YES;
				CLANG_WARN_DIRECT_OBJC_ISA_USAGE = YES_ERROR;
				CLANG_WARN_DOCUMENTATION_COMMENTS = YES;
				CLANG_WARN_EMPTY_BODY = YES;
				CLANG_WARN_ENUM_CONVERSION = YES;
				CLANG_WARN_INFINITE_RECURSION = YES;
				CLANG_WARN_INT_CONVERSION = YES;
				CLANG_WARN_NON_LITERAL_NULL_CONVERSION = YES;
				CLANG_WARN_OBJC_IMPLICIT_RETAIN_SELF = YES;
				CLANG_WARN_OBJC_LITERAL_CONVERSION = YES;
				CLANG_WARN_OBJC_ROOT_CLASS = YES_ERROR;
				CLANG_WARN_QUOTED_INCLUDE_IN_FRAMEWORK_HEADER = YES;
				CLANG_WARN_RANGE_LOOP_ANALYSIS = YES;
				CLANG_WARN_STRICT_PROTOTYPES = YES;
				CLANG_WARN_SUSPICIOUS_MOVE = YES;
				CLANG_WARN_UNGUARDED_AVAILABILITY = YES_AGGRESSIVE;
				CLANG_WARN_UNREACHABLE_CODE = YES;
				CLANG_WARN__DUPLICATE_METHOD_MATCH = YES;
				COPY_PHASE_STRIP = NO;
				DEBUG_INFORMATION_FORMAT = "dwarf-with-dsym";
				ENABLE_NS_ASSERTIONS = NO;
				ENABLE_STRICT_OBJC_MSGSEND = YES;
				GCC_C_LANGUAGE_STANDARD = gnu11;
				GCC_NO_COMMON_BLOCKS = YES;
				GCC_WARN_64_TO_32_BIT_CONVERSION = YES;
				GCC_WARN_ABOUT_RETURN_TYPE = YES_ERROR;
				GCC_WARN_UNDECLARED_SELECTOR = YES;
				GCC_WARN_UNINITIALIZED_AUTOS = YES_AGGRESSIVE;
				GCC_WARN_UNUSED_FUNCTION = YES;
				GCC_WARN_UNUSED_VARIABLE = YES;
				IPHONEOS_DEPLOYMENT_TARGET = 16.2;
				MTL_ENABLE_DEBUG_INFO = NO;
				MTL_FAST_MATH = YES;
				SDKROOT = iphoneos;
				SWIFT_COMPILATION_MODE = wholemodule;
				SWIFT_OPTIMIZATION_LEVEL = "-O";
				VALIDATE_PRODUCT = YES;
			};
			name = Release;
		};
		C1BAF7732966F92600DCEE5A /* Debug */ = {
			isa = XCBuildConfiguration;
			buildSettings = {
				ASSETCATALOG_COMPILER_APPICON_NAME = AppIcon;
				ASSETCATALOG_COMPILER_GLOBAL_ACCENT_COLOR_NAME = AccentColor;
				CODE_SIGN_STYLE = Automatic;
				CURRENT_PROJECT_VERSION = 1;
				DEVELOPMENT_ASSET_PATHS = "\"ios-swiftui/Preview Content\"";
				DEVELOPMENT_TEAM = R88CDNMKLQ;
				ENABLE_PREVIEWS = YES;
				GENERATE_INFOPLIST_FILE = YES;
				INFOPLIST_KEY_UIApplicationSceneManifest_Generation = YES;
				INFOPLIST_KEY_UIApplicationSupportsIndirectInputEvents = YES;
				INFOPLIST_KEY_UILaunchScreen_Generation = YES;
				INFOPLIST_KEY_UISupportedInterfaceOrientations_iPad = "UIInterfaceOrientationPortrait UIInterfaceOrientationPortraitUpsideDown UIInterfaceOrientationLandscapeLeft UIInterfaceOrientationLandscapeRight";
				INFOPLIST_KEY_UISupportedInterfaceOrientations_iPhone = "UIInterfaceOrientationPortrait UIInterfaceOrientationLandscapeLeft UIInterfaceOrientationLandscapeRight";
				LD_RUNPATH_SEARCH_PATHS = (
					"$(inherited)",
					"@executable_path/Frameworks",
				);
				MARKETING_VERSION = 1.0;
				PRODUCT_BUNDLE_IDENTIFIER = "es.fernandosalom.ios-swiftui";
				PRODUCT_NAME = "$(TARGET_NAME)";
				SWIFT_EMIT_LOC_STRINGS = YES;
				SWIFT_VERSION = 5.0;
				TARGETED_DEVICE_FAMILY = "1,2";
			};
			name = Debug;
		};
		C1BAF7742966F92600DCEE5A /* Release */ = {
			isa = XCBuildConfiguration;
			buildSettings = {
				ASSETCATALOG_COMPILER_APPICON_NAME = AppIcon;
				ASSETCATALOG_COMPILER_GLOBAL_ACCENT_COLOR_NAME = AccentColor;
				CODE_SIGN_STYLE = Automatic;
				CURRENT_PROJECT_VERSION = 1;
				DEVELOPMENT_ASSET_PATHS = "\"ios-swiftui/Preview Content\"";
				DEVELOPMENT_TEAM = R88CDNMKLQ;
				ENABLE_PREVIEWS = YES;
				GENERATE_INFOPLIST_FILE = YES;
				INFOPLIST_KEY_UIApplicationSceneManifest_Generation = YES;
				INFOPLIST_KEY_UIApplicationSupportsIndirectInputEvents = YES;
				INFOPLIST_KEY_UILaunchScreen_Generation = YES;
				INFOPLIST_KEY_UISupportedInterfaceOrientations_iPad = "UIInterfaceOrientationPortrait UIInterfaceOrientationPortraitUpsideDown UIInterfaceOrientationLandscapeLeft UIInterfaceOrientationLandscapeRight";
				INFOPLIST_KEY_UISupportedInterfaceOrientations_iPhone = "UIInterfaceOrientationPortrait UIInterfaceOrientationLandscapeLeft UIInterfaceOrientationLandscapeRight";
				LD_RUNPATH_SEARCH_PATHS = (
					"$(inherited)",
					"@executable_path/Frameworks",
				);
				MARKETING_VERSION = 1.0;
				PRODUCT_BUNDLE_IDENTIFIER = "es.fernandosalom.ios-swiftui";
				PRODUCT_NAME = "$(TARGET_NAME)";
				SWIFT_EMIT_LOC_STRINGS = YES;
				SWIFT_VERSION = 5.0;
				TARGETED_DEVICE_FAMILY = "1,2";
			};
			name = Release;
		};
/* End XCBuildConfiguration section */

/* Begin XCConfigurationList section */
		C1BAF75A2966F92400DCEE5A /* Build configuration list for PBXProject "ios-swiftui" */ = {
			isa = XCConfigurationList;
			buildConfigurations = (
				C1BAF7702966F92600DCEE5A /* Debug */,
				C1BAF7712966F92600DCEE5A /* Release */,
			);
			defaultConfigurationIsVisible = 0;
			defaultConfigurationName = Release;
		};
		C1BAF7722966F92600DCEE5A /* Build configuration list for PBXNativeTarget "ios-swiftui" */ = {
			isa = XCConfigurationList;
			buildConfigurations = (
				C1BAF7732966F92600DCEE5A /* Debug */,
				C1BAF7742966F92600DCEE5A /* Release */,
			);
			defaultConfigurationIsVisible = 0;
			defaultConfigurationName = Release;
		};
/* End XCConfigurationList section */

/* Begin XCVersionGroup section */
		C1BAF76D2966F92600DCEE5A /* ios_swiftui.xcdatamodeld */ = {
			isa = XCVersionGroup;
			children = (
				C1BAF76E2966F92600DCEE5A /* ios_swiftui.xcdatamodel */,
			);
			currentVersion = C1BAF76E2966F92600DCEE5A /* ios_swiftui.xcdatamodel */;
			path = ios_swiftui.xcdatamodeld;
			sourceTree = "<group>";
			versionGroupType = wrapper.xcdatamodel;
		};
/* End XCVersionGroup section */
	};
	rootObject = C1BAF7572966F92400DCEE5A /* Project object */;
}
